
Microsoft Visual Studio Solution File, Format Version 12.00
# Visual Studio 15
VisualStudioVersion = 15.0.28307.572
MinimumVisualStudioVersion = 10.0.40219.1
Project("{FAE04EC0-301F-11D3-BF4B-00C04F79EFBC}") = "QueueusingStack", "QueueusingStack.csproj", "{63D14BC0-1071-4598-9772-36DC6DC31945}"
EndProject
Global
	GlobalSection(SolutionConfigurationPlatforms) = preSolution
		Debug|Any CPU = Debug|Any CPU
		Release|Any CPU = Release|Any CPU
	EndGlobalSection
	GlobalSection(ProjectConfigurationPlatforms) = postSolution
		{63D14BC0-1071-4598-9772-36DC6DC31945}.Debug|Any CPU.ActiveCfg = Debug|Any CPU
		{63D14BC0-1071-4598-9772-36DC6DC31945}.Debug|Any CPU.Build.0 = Debug|Any CPU
		{63D14BC0-1071-4598-9772-36DC6DC31945}.Release|Any CPU.ActiveCfg = Release|Any CPU
		{63D14BC0-1071-4598-9772-36DC6DC31945}.Release|Any CPU.Build.0 = Release|Any CPU
	EndGlobalSection
	GlobalSection(SolutionProperties) = preSolution
		HideSolutionNode = FALSE
	EndGlobalSection
	GlobalSection(ExtensibilityGlobals) = postSolution
		SolutionGuid = {344E32E6-3D37-47A6-814E-7F5B7CAE6948}
	EndGlobalSection
EndGlobal
